
Microsoft Visual Studio Solution File, Format Version 12.00
# Visual Studio Version 16
VisualStudioVersion = 16.0.31321.278
MinimumVisualStudioVersion = 10.0.40219.1
Project("{FAE04EC0-301F-11D3-BF4B-00C04F79EFBC}") = "KwansoTest", "KwansoTest.csproj", "{4526F8FB-0384-4365-904A-DE6E64D14A55}"
EndProject
Global
	GlobalSection(SolutionConfigurationPlatforms) = preSolution
		Debug|Any CPU = Debug|Any CPU
		Release|Any CPU = Release|Any CPU
	EndGlobalSection
	GlobalSection(ProjectConfigurationPlatforms) = postSolution
		{4526F8FB-0384-4365-904A-DE6E64D14A55}.Debug|Any CPU.ActiveCfg = Debug|Any CPU
		{4526F8FB-0384-4365-904A-DE6E64D14A55}.Debug|Any CPU.Build.0 = Debug|Any CPU
		{4526F8FB-0384-4365-904A-DE6E64D14A55}.Release|Any CPU.ActiveCfg = Release|Any CPU
		{4526F8FB-0384-4365-904A-DE6E64D14A55}.Release|Any CPU.Build.0 = Release|Any CPU
	EndGlobalSection
	GlobalSection(SolutionProperties) = preSolution
		HideSolutionNode = FALSE
	EndGlobalSection
	GlobalSection(ExtensibilityGlobals) = postSolution
		SolutionGuid = {AFE331A2-AD17-4E68-9C2E-66E701C869D7}
	EndGlobalSection
EndGlobal
